
Microsoft Visual Studio Solution File, Format Version 12.00
# Visual Studio 15
VisualStudioVersion = 15.0.27130.2020
MinimumVisualStudioVersion = 10.0.40219.1
Project("{9A19103F-16F7-4668-BE54-9A1E7A4F7556}") = "PlayGen.Unity.Utilities.Text", "PlayGen.Unity.Utilities.Text\PlayGen.Unity.Utilities.Text.csproj", "{3B4C2193-E58F-4E5F-A409-11C397566CC9}"
EndProject
Project("{9A19103F-16F7-4668-BE54-9A1E7A4F7556}") = "PlayGen.Unity.Utilities.Editor.FontReplace", "PlayGen.Unity.Utilities.Editor.FontReplace\PlayGen.Unity.Utilities.Editor.FontReplace.csproj", "{3D39E9CA-A2C5-4328-B107-798EEBF4CF27}"
EndProject
Project("{9A19103F-16F7-4668-BE54-9A1E7A4F7556}") = "PlayGen.Unity.Utilities.Editor.Shortcuts", "PlayGen.Unity.Utilities.Editor.Shortcuts\PlayGen.Unity.Utilities.Editor.Shortcuts.csproj", "{0EC8C4D8-0A7B-4B00-B5F5-69B4453ACB8A}"
EndProject
Project("{9A19103F-16F7-4668-BE54-9A1E7A4F7556}") = "PlayGen.Unity.Utilities.FormKeyboardControls", "PlayGen.Unity.Utilities.FormKeyboardControls\PlayGen.Unity.Utilities.FormKeyboardControls.csproj", "{E785DE15-0918-4399-88DB-12CD8E8D9D1D}"
EndProject
Project("{9A19103F-16F7-4668-BE54-9A1E7A4F7556}") = "PlayGen.Unity.Utilities.Editor.iOSRequirements", "PlayGen.Unity.Utilities.Editor.iOSRequirements\PlayGen.Unity.Utilities.Editor.iOSRequirements.csproj", "{D92054D0-7E9A-4000-BD0C-7F38584F1580}"
EndProject
Project("{9A19103F-16F7-4668-BE54-9A1E7A4F7556}") = "PlayGen.Unity.Utilities.Loading", "PlayGen.Unity.Utilities.Loading\PlayGen.Unity.Utilities.Loading.csproj", "{CD5D4361-B40E-44D4-8D55-98903302E3FD}"
EndProject
Project("{9A19103F-16F7-4668-BE54-9A1E7A4F7556}") = "PlayGen.Unity.Utilities.Localization", "PlayGen.Unity.Utilities.Localization\PlayGen.Unity.Utilities.Localization.csproj", "{9D491B1B-FB50-4269-A7BD-0373ED3FF41F}"
EndProject
Project("{9A19103F-16F7-4668-BE54-9A1E7A4F7556}") = "PlayGen.Unity.Utilities.FeedbackPanel", "PlayGen.Unity.Utilities.FeedbackPanel\PlayGen.Unity.Utilities.FeedbackPanel.csproj", "{0DE26ADA-F113-4844-A051-677D328CCF5F}"
EndProject
Project("{9A19103F-16F7-4668-BE54-9A1E7A4F7556}") = "PlayGen.Unity.Utilities.UI", "PlayGen.Unity.Utilities.UI\PlayGen.Unity.Utilities.UI.csproj", "{EC7174D0-8C0A-4AD1-91DB-704EEAF397FD}"
EndProject
Project("{9A19103F-16F7-4668-BE54-9A1E7A4F7556}") = "PlayGen.Unity.Utilities.Editor.Localization", "PlayGen.Unity.Utilities.Editor.Localization\PlayGen.Unity.Utilities.Editor.Localization.csproj", "{F669107F-65CF-4172-B217-B2F483302360}"
EndProject
Project("{9A19103F-16F7-4668-BE54-9A1E7A4F7556}") = "PlayGen.Unity.Utilities.AudioManagement", "PlayGen.Unity.Utilities.AudioManagement\PlayGen.Unity.Utilities.AudioManagement.csproj", "{A160F98C-9D11-44C9-8188-C749ADFFE685}"
EndProject
Project("{9A19103F-16F7-4668-BE54-9A1E7A4F7556}") = "PlayGen.Unity.Utilities.Extensions", "PlayGen.Unity.Utilities.Extensions\PlayGen.Unity.Utilities.Extensions.csproj", "{5698C72E-1969-4380-88FB-53595F4EB1A9}"
EndProject
Project("{9A19103F-16F7-4668-BE54-9A1E7A4F7556}") = "PlayGen.Unity.Utilities.Video", "PlayGen.Unity.Utilities.Video\PlayGen.Unity.Utilities.Video.csproj", "{4DC510AE-3A2E-47C3-895C-92B6AB14C53B}"
EndProject
Project("{9A19103F-16F7-4668-BE54-9A1E7A4F7556}") = "PlayGen.Unity.Utilities.Editor.UI", "PlayGen.Unity.Utilities.Editor.UI\PlayGen.Unity.Utilities.Editor.UI.csproj", "{5E02F713-3F4C-4E22-B304-4053D78CCE86}"
EndProject
Project("{FAE04EC0-301F-11D3-BF4B-00C04F79EFBC}") = "PlayGen.Unity.Utilities.Settings", "PlayGen.Unity.Utilities.Settings\PlayGen.Unity.Utilities.Settings.csproj", "{3335B725-9839-4874-978E-AABDD1232FB0}"
EndProject
Global
	GlobalSection(SolutionConfigurationPlatforms) = preSolution
		Debug|Any CPU = Debug|Any CPU
		Release|Any CPU = Release|Any CPU
	EndGlobalSection
	GlobalSection(ProjectConfigurationPlatforms) = postSolution
		{3B4C2193-E58F-4E5F-A409-11C397566CC9}.Debug|Any CPU.ActiveCfg = Debug|Any CPU
		{3B4C2193-E58F-4E5F-A409-11C397566CC9}.Debug|Any CPU.Build.0 = Debug|Any CPU
		{3B4C2193-E58F-4E5F-A409-11C397566CC9}.Release|Any CPU.ActiveCfg = Release|Any CPU
		{3B4C2193-E58F-4E5F-A409-11C397566CC9}.Release|Any CPU.Build.0 = Release|Any CPU
		{3D39E9CA-A2C5-4328-B107-798EEBF4CF27}.Debug|Any CPU.ActiveCfg = Debug|Any CPU
		{3D39E9CA-A2C5-4328-B107-798EEBF4CF27}.Debug|Any CPU.Build.0 = Debug|Any CPU
		{3D39E9CA-A2C5-4328-B107-798EEBF4CF27}.Release|Any CPU.ActiveCfg = Release|Any CPU
		{3D39E9CA-A2C5-4328-B107-798EEBF4CF27}.Release|Any CPU.Build.0 = Release|Any CPU
		{0EC8C4D8-0A7B-4B00-B5F5-69B4453ACB8A}.Debug|Any CPU.ActiveCfg = Debug|Any CPU
		{0EC8C4D8-0A7B-4B00-B5F5-69B4453ACB8A}.Debug|Any CPU.Build.0 = Debug|Any CPU
		{0EC8C4D8-0A7B-4B00-B5F5-69B4453ACB8A}.Release|Any CPU.ActiveCfg = Release|Any CPU
		{0EC8C4D8-0A7B-4B00-B5F5-69B4453ACB8A}.Release|Any CPU.Build.0 = Release|Any CPU
		{E785DE15-0918-4399-88DB-12CD8E8D9D1D}.Debug|Any CPU.ActiveCfg = Debug|Any CPU
		{E785DE15-0918-4399-88DB-12CD8E8D9D1D}.Debug|Any CPU.Build.0 = Debug|Any CPU
		{E785DE15-0918-4399-88DB-12CD8E8D9D1D}.Release|Any CPU.ActiveCfg = Release|Any CPU
		{E785DE15-0918-4399-88DB-12CD8E8D9D1D}.Release|Any CPU.Build.0 = Release|Any CPU
		{D92054D0-7E9A-4000-BD0C-7F38584F1580}.Debug|Any CPU.ActiveCfg = Debug|Any CPU
		{D92054D0-7E9A-4000-BD0C-7F38584F1580}.Debug|Any CPU.Build.0 = Debug|Any CPU
		{D92054D0-7E9A-4000-BD0C-7F38584F1580}.Release|Any CPU.ActiveCfg = Release|Any CPU
		{D92054D0-7E9A-4000-BD0C-7F38584F1580}.Release|Any CPU.Build.0 = Release|Any CPU
		{CD5D4361-B40E-44D4-8D55-98903302E3FD}.Debug|Any CPU.ActiveCfg = Debug|Any CPU
		{CD5D4361-B40E-44D4-8D55-98903302E3FD}.Debug|Any CPU.Build.0 = Debug|Any CPU
		{CD5D4361-B40E-44D4-8D55-98903302E3FD}.Release|Any CPU.ActiveCfg = Release|Any CPU
		{CD5D4361-B40E-44D4-8D55-98903302E3FD}.Release|Any CPU.Build.0 = Release|Any CPU
		{9D491B1B-FB50-4269-A7BD-0373ED3FF41F}.Debug|Any CPU.ActiveCfg = Debug|Any CPU
		{9D491B1B-FB50-4269-A7BD-0373ED3FF41F}.Debug|Any CPU.Build.0 = Debug|Any CPU
		{9D491B1B-FB50-4269-A7BD-0373ED3FF41F}.Release|Any CPU.ActiveCfg = Release|Any CPU
		{9D491B1B-FB50-4269-A7BD-0373ED3FF41F}.Release|Any CPU.Build.0 = Release|Any CPU
		{0DE26ADA-F113-4844-A051-677D328CCF5F}.Debug|Any CPU.ActiveCfg = Debug|Any CPU
		{0DE26ADA-F113-4844-A051-677D328CCF5F}.Debug|Any CPU.Build.0 = Debug|Any CPU
		{0DE26ADA-F113-4844-A051-677D328CCF5F}.Release|Any CPU.ActiveCfg = Release|Any CPU
		{0DE26ADA-F113-4844-A051-677D328CCF5F}.Release|Any CPU.Build.0 = Release|Any CPU
		{EC7174D0-8C0A-4AD1-91DB-704EEAF397FD}.Debug|Any CPU.ActiveCfg = Debug|Any CPU
		{EC7174D0-8C0A-4AD1-91DB-704EEAF397FD}.Debug|Any CPU.Build.0 = Debug|Any CPU
		{EC7174D0-8C0A-4AD1-91DB-704EEAF397FD}.Release|Any CPU.ActiveCfg = Release|Any CPU
		{EC7174D0-8C0A-4AD1-91DB-704EEAF397FD}.Release|Any CPU.Build.0 = Release|Any CPU
		{F669107F-65CF-4172-B217-B2F483302360}.Debug|Any CPU.ActiveCfg = Debug|Any CPU
		{F669107F-65CF-4172-B217-B2F483302360}.Debug|Any CPU.Build.0 = Debug|Any CPU
		{F669107F-65CF-4172-B217-B2F483302360}.Release|Any CPU.ActiveCfg = Release|Any CPU
		{F669107F-65CF-4172-B217-B2F483302360}.Release|Any CPU.Build.0 = Release|Any CPU
		{A160F98C-9D11-44C9-8188-C749ADFFE685}.Debug|Any CPU.ActiveCfg = Debug|Any CPU
		{A160F98C-9D11-44C9-8188-C749ADFFE685}.Debug|Any CPU.Build.0 = Debug|Any CPU
		{A160F98C-9D11-44C9-8188-C749ADFFE685}.Release|Any CPU.ActiveCfg = Release|Any CPU
		{A160F98C-9D11-44C9-8188-C749ADFFE685}.Release|Any CPU.Build.0 = Release|Any CPU
		{5698C72E-1969-4380-88FB-53595F4EB1A9}.Debug|Any CPU.ActiveCfg = Debug|Any CPU
		{5698C72E-1969-4380-88FB-53595F4EB1A9}.Debug|Any CPU.Build.0 = Debug|Any CPU
		{5698C72E-1969-4380-88FB-53595F4EB1A9}.Release|Any CPU.ActiveCfg = Release|Any CPU
		{5698C72E-1969-4380-88FB-53595F4EB1A9}.Release|Any CPU.Build.0 = Release|Any CPU
		{4DC510AE-3A2E-47C3-895C-92B6AB14C53B}.Debug|Any CPU.ActiveCfg = Debug|Any CPU
		{4DC510AE-3A2E-47C3-895C-92B6AB14C53B}.Debug|Any CPU.Build.0 = Debug|Any CPU
		{4DC510AE-3A2E-47C3-895C-92B6AB14C53B}.Release|Any CPU.ActiveCfg = Release|Any CPU
		{4DC510AE-3A2E-47C3-895C-92B6AB14C53B}.Release|Any CPU.Build.0 = Release|Any CPU
		{5E02F713-3F4C-4E22-B304-4053D78CCE86}.Debug|Any CPU.ActiveCfg = Debug|Any CPU
		{5E02F713-3F4C-4E22-B304-4053D78CCE86}.Debug|Any CPU.Build.0 = Debug|Any CPU
		{5E02F713-3F4C-4E22-B304-4053D78CCE86}.Release|Any CPU.ActiveCfg = Release|Any CPU
		{5E02F713-3F4C-4E22-B304-4053D78CCE86}.Release|Any CPU.Build.0 = Release|Any CPU
		{3335B725-9839-4874-978E-AABDD1232FB0}.Debug|Any CPU.ActiveCfg = Debug|Any CPU
		{3335B725-9839-4874-978E-AABDD1232FB0}.Debug|Any CPU.Build.0 = Debug|Any CPU
		{3335B725-9839-4874-978E-AABDD1232FB0}.Release|Any CPU.ActiveCfg = Release|Any CPU
		{3335B725-9839-4874-978E-AABDD1232FB0}.Release|Any CPU.Build.0 = Release|Any CPU
	EndGlobalSection
	GlobalSection(SolutionProperties) = preSolution
		HideSolutionNode = FALSE
	EndGlobalSection
	GlobalSection(ExtensibilityGlobals) = postSolution
		SolutionGuid = {A314B77D-BD35-4C3C-B17D-939F98CEF389}
	EndGlobalSection
EndGlobal
